
Microsoft Visual Studio Solution File, Format Version 12.00
# Visual Studio Version 17
VisualStudioVersion = 17.2.32616.157
MinimumVisualStudioVersion = 10.0.40219.1
Project("{FAE04EC0-301F-11D3-BF4B-00C04F79EFBC}") = "TheMostImportantProject", "TheMostImportantProject\TheMostImportantProject.csproj", "{1FEAFAA6-630E-43C9-8D3F-076AFC0E31AF}"
EndProject
Project("{9A19103F-16F7-4668-BE54-9A1E7A4F7556}") = "WebApplication1", "..\Импорт\WebAppMarketing-master\WebApplication1\WebApplication1.csproj", "{9025DE03-BA77-415D-8B05-A22333A2D429}"
EndProject
Project("{FAE04EC0-301F-11D3-BF4B-00C04F79EFBC}") = "App8", "App8\App8.csproj", "{9A6D1C51-618D-4C37-BCEA-F2614A0D44CD}"
EndProject
Project("{FAE04EC0-301F-11D3-BF4B-00C04F79EFBC}") = "WPFTEST", "WPFTEST\WPFTEST.csproj", "{42216E75-1FDC-4199-95AE-1145FE4E3E4E}"
EndProject
Project("{9A19103F-16F7-4668-BE54-9A1E7A4F7556}") = "ASPTest", "ASPTest\ASPTest.csproj", "{213A660D-D08A-4237-A43B-D00A52EAA666}"
EndProject
Global
	GlobalSection(SolutionConfigurationPlatforms) = preSolution
		Debug|Any CPU = Debug|Any CPU
		Debug|ARM = Debug|ARM
		Debug|ARM64 = Debug|ARM64
		Debug|iPhone = Debug|iPhone
		Debug|iPhoneSimulator = Debug|iPhoneSimulator
		Debug|x64 = Debug|x64
		Debug|x86 = Debug|x86
		Release|Any CPU = Release|Any CPU
		Release|ARM = Release|ARM
		Release|ARM64 = Release|ARM64
		Release|iPhone = Release|iPhone
		Release|iPhoneSimulator = Release|iPhoneSimulator
		Release|x64 = Release|x64
		Release|x86 = Release|x86
	EndGlobalSection
	GlobalSection(ProjectConfigurationPlatforms) = postSolution
		{1FEAFAA6-630E-43C9-8D3F-076AFC0E31AF}.Debug|Any CPU.ActiveCfg = Debug|Any CPU
		{1FEAFAA6-630E-43C9-8D3F-076AFC0E31AF}.Debug|Any CPU.Build.0 = Debug|Any CPU
		{1FEAFAA6-630E-43C9-8D3F-076AFC0E31AF}.Debug|ARM.ActiveCfg = Debug|Any CPU
		{1FEAFAA6-630E-43C9-8D3F-076AFC0E31AF}.Debug|ARM.Build.0 = Debug|Any CPU
		{1FEAFAA6-630E-43C9-8D3F-076AFC0E31AF}.Debug|ARM64.ActiveCfg = Debug|Any CPU
		{1FEAFAA6-630E-43C9-8D3F-076AFC0E31AF}.Debug|ARM64.Build.0 = Debug|Any CPU
		{1FEAFAA6-630E-43C9-8D3F-076AFC0E31AF}.Debug|iPhone.ActiveCfg = Debug|Any CPU
		{1FEAFAA6-630E-43C9-8D3F-076AFC0E31AF}.Debug|iPhone.Build.0 = Debug|Any CPU
		{1FEAFAA6-630E-43C9-8D3F-076AFC0E31AF}.Debug|iPhoneSimulator.ActiveCfg = Debug|Any CPU
		{1FEAFAA6-630E-43C9-8D3F-076AFC0E31AF}.Debug|iPhoneSimulator.Build.0 = Debug|Any CPU
		{1FEAFAA6-630E-43C9-8D3F-076AFC0E31AF}.Debug|x64.ActiveCfg = Debug|Any CPU
		{1FEAFAA6-630E-43C9-8D3F-076AFC0E31AF}.Debug|x64.Build.0 = Debug|Any CPU
		{1FEAFAA6-630E-43C9-8D3F-076AFC0E31AF}.Debug|x86.ActiveCfg = Debug|Any CPU
		{1FEAFAA6-630E-43C9-8D3F-076AFC0E31AF}.Debug|x86.Build.0 = Debug|Any CPU
		{1FEAFAA6-630E-43C9-8D3F-076AFC0E31AF}.Release|Any CPU.ActiveCfg = Release|Any CPU
		{1FEAFAA6-630E-43C9-8D3F-076AFC0E31AF}.Release|Any CPU.Build.0 = Release|Any CPU
		{1FEAFAA6-630E-43C9-8D3F-076AFC0E31AF}.Release|ARM.ActiveCfg = Release|Any CPU
		{1FEAFAA6-630E-43C9-8D3F-076AFC0E31AF}.Release|ARM.Build.0 = Release|Any CPU
		{1FEAFAA6-630E-43C9-8D3F-076AFC0E31AF}.Release|ARM64.ActiveCfg = Release|Any CPU
		{1FEAFAA6-630E-43C9-8D3F-076AFC0E31AF}.Release|ARM64.Build.0 = Release|Any CPU
		{1FEAFAA6-630E-43C9-8D3F-076AFC0E31AF}.Release|iPhone.ActiveCfg = Release|Any CPU
		{1FEAFAA6-630E-43C9-8D3F-076AFC0E31AF}.Release|iPhone.Build.0 = Release|Any CPU
		{1FEAFAA6-630E-43C9-8D3F-076AFC0E31AF}.Release|iPhoneSimulator.ActiveCfg = Release|Any CPU
		{1FEAFAA6-630E-43C9-8D3F-076AFC0E31AF}.Release|iPhoneSimulator.Build.0 = Release|Any CPU
		{1FEAFAA6-630E-43C9-8D3F-076AFC0E31AF}.Release|x64.ActiveCfg = Release|Any CPU
		{1FEAFAA6-630E-43C9-8D3F-076AFC0E31AF}.Release|x64.Build.0 = Release|Any CPU
		{1FEAFAA6-630E-43C9-8D3F-076AFC0E31AF}.Release|x86.ActiveCfg = Release|Any CPU
		{1FEAFAA6-630E-43C9-8D3F-076AFC0E31AF}.Release|x86.Build.0 = Release|Any CPU
		{9025DE03-BA77-415D-8B05-A22333A2D429}.Debug|Any CPU.ActiveCfg = Debug|Any CPU
		{9025DE03-BA77-415D-8B05-A22333A2D429}.Debug|Any CPU.Build.0 = Debug|Any CPU
		{9025DE03-BA77-415D-8B05-A22333A2D429}.Debug|ARM.ActiveCfg = Debug|Any CPU
		{9025DE03-BA77-415D-8B05-A22333A2D429}.Debug|ARM.Build.0 = Debug|Any CPU
		{9025DE03-BA77-415D-8B05-A22333A2D429}.Debug|ARM64.ActiveCfg = Debug|Any CPU
		{9025DE03-BA77-415D-8B05-A22333A2D429}.Debug|ARM64.Build.0 = Debug|Any CPU
		{9025DE03-BA77-415D-8B05-A22333A2D429}.Debug|iPhone.ActiveCfg = Debug|Any CPU
		{9025DE03-BA77-415D-8B05-A22333A2D429}.Debug|iPhone.Build.0 = Debug|Any CPU
		{9025DE03-BA77-415D-8B05-A22333A2D429}.Debug|iPhoneSimulator.ActiveCfg = Debug|Any CPU
		{9025DE03-BA77-415D-8B05-A22333A2D429}.Debug|iPhoneSimulator.Build.0 = Debug|Any CPU
		{9025DE03-BA77-415D-8B05-A22333A2D429}.Debug|x64.ActiveCfg = Debug|Any CPU
		{9025DE03-BA77-415D-8B05-A22333A2D429}.Debug|x64.Build.0 = Debug|Any CPU
		{9025DE03-BA77-415D-8B05-A22333A2D429}.Debug|x86.ActiveCfg = Debug|Any CPU
		{9025DE03-BA77-415D-8B05-A22333A2D429}.Debug|x86.Build.0 = Debug|Any CPU
		{9025DE03-BA77-415D-8B05-A22333A2D429}.Release|Any CPU.ActiveCfg = Release|Any CPU
		{9025DE03-BA77-415D-8B05-A22333A2D429}.Release|Any CPU.Build.0 = Release|Any CPU
		{9025DE03-BA77-415D-8B05-A22333A2D429}.Release|ARM.ActiveCfg = Release|Any CPU
		{9025DE03-BA77-415D-8B05-A22333A2D429}.Release|ARM.Build.0 = Release|Any CPU
		{9025DE03-BA77-415D-8B05-A22333A2D429}.Release|ARM64.ActiveCfg = Release|Any CPU
		{9025DE03-BA77-415D-8B05-A22333A2D429}.Release|ARM64.Build.0 = Release|Any CPU
		{9025DE03-BA77-415D-8B05-A22333A2D429}.Release|iPhone.ActiveCfg = Release|Any CPU
		{9025DE03-BA77-415D-8B05-A22333A2D429}.Release|iPhone.Build.0 = Release|Any CPU
		{9025DE03-BA77-415D-8B05-A22333A2D429}.Release|iPhoneSimulator.ActiveCfg = Release|Any CPU
		{9025DE03-BA77-415D-8B05-A22333A2D429}.Release|iPhoneSimulator.Build.0 = Release|Any CPU
		{9025DE03-BA77-415D-8B05-A22333A2D429}.Release|x64.ActiveCfg = Release|Any CPU
		{9025DE03-BA77-415D-8B05-A22333A2D429}.Release|x64.Build.0 = Release|Any CPU
		{9025DE03-BA77-415D-8B05-A22333A2D429}.Release|x86.ActiveCfg = Release|Any CPU
		{9025DE03-BA77-415D-8B05-A22333A2D429}.Release|x86.Build.0 = Release|Any CPU
		{9A6D1C51-618D-4C37-BCEA-F2614A0D44CD}.Debug|Any CPU.ActiveCfg = Debug|x64
		{9A6D1C51-618D-4C37-BCEA-F2614A0D44CD}.Debug|Any CPU.Build.0 = Debug|x64
		{9A6D1C51-618D-4C37-BCEA-F2614A0D44CD}.Debug|Any CPU.Deploy.0 = Debug|x64
		{9A6D1C51-618D-4C37-BCEA-F2614A0D44CD}.Debug|ARM.ActiveCfg = Debug|ARM
		{9A6D1C51-618D-4C37-BCEA-F2614A0D44CD}.Debug|ARM.Build.0 = Debug|ARM
		{9A6D1C51-618D-4C37-BCEA-F2614A0D44CD}.Debug|ARM.Deploy.0 = Debug|ARM
		{9A6D1C51-618D-4C37-BCEA-F2614A0D44CD}.Debug|ARM64.ActiveCfg = Debug|ARM64
		{9A6D1C51-618D-4C37-BCEA-F2614A0D44CD}.Debug|ARM64.Build.0 = Debug|ARM64
		{9A6D1C51-618D-4C37-BCEA-F2614A0D44CD}.Debug|ARM64.Deploy.0 = Debug|ARM64
		{9A6D1C51-618D-4C37-BCEA-F2614A0D44CD}.Debug|iPhone.ActiveCfg = Debug|x64
		{9A6D1C51-618D-4C37-BCEA-F2614A0D44CD}.Debug|iPhone.Build.0 = Debug|x64
		{9A6D1C51-618D-4C37-BCEA-F2614A0D44CD}.Debug|iPhone.Deploy.0 = Debug|x64
		{9A6D1C51-618D-4C37-BCEA-F2614A0D44CD}.Debug|iPhoneSimulator.ActiveCfg = Debug|x64
		{9A6D1C51-618D-4C37-BCEA-F2614A0D44CD}.Debug|iPhoneSimulator.Build.0 = Debug|x64
		{9A6D1C51-618D-4C37-BCEA-F2614A0D44CD}.Debug|iPhoneSimulator.Deploy.0 = Debug|x64
		{9A6D1C51-618D-4C37-BCEA-F2614A0D44CD}.Debug|x64.ActiveCfg = Debug|x64
		{9A6D1C51-618D-4C37-BCEA-F2614A0D44CD}.Debug|x64.Build.0 = Debug|x64
		{9A6D1C51-618D-4C37-BCEA-F2614A0D44CD}.Debug|x64.Deploy.0 = Debug|x64
		{9A6D1C51-618D-4C37-BCEA-F2614A0D44CD}.Debug|x86.ActiveCfg = Debug|x86
		{9A6D1C51-618D-4C37-BCEA-F2614A0D44CD}.Debug|x86.Build.0 = Debug|x86
		{9A6D1C51-618D-4C37-BCEA-F2614A0D44CD}.Debug|x86.Deploy.0 = Debug|x86
		{9A6D1C51-618D-4C37-BCEA-F2614A0D44CD}.Release|Any CPU.ActiveCfg = Release|x64
		{9A6D1C51-618D-4C37-BCEA-F2614A0D44CD}.Release|Any CPU.Build.0 = Release|x64
		{9A6D1C51-618D-4C37-BCEA-F2614A0D44CD}.Release|Any CPU.Deploy.0 = Release|x64
		{9A6D1C51-618D-4C37-BCEA-F2614A0D44CD}.Release|ARM.ActiveCfg = Release|ARM
		{9A6D1C51-618D-4C37-BCEA-F2614A0D44CD}.Release|ARM.Build.0 = Release|ARM
		{9A6D1C51-618D-4C37-BCEA-F2614A0D44CD}.Release|ARM.Deploy.0 = Release|ARM
		{9A6D1C51-618D-4C37-BCEA-F2614A0D44CD}.Release|ARM64.ActiveCfg = Release|ARM64
		{9A6D1C51-618D-4C37-BCEA-F2614A0D44CD}.Release|ARM64.Build.0 = Release|ARM64
		{9A6D1C51-618D-4C37-BCEA-F2614A0D44CD}.Release|ARM64.Deploy.0 = Release|ARM64
		{9A6D1C51-618D-4C37-BCEA-F2614A0D44CD}.Release|iPhone.ActiveCfg = Release|x64
		{9A6D1C51-618D-4C37-BCEA-F2614A0D44CD}.Release|iPhone.Build.0 = Release|x64
		{9A6D1C51-618D-4C37-BCEA-F2614A0D44CD}.Release|iPhone.Deploy.0 = Release|x64
		{9A6D1C51-618D-4C37-BCEA-F2614A0D44CD}.Release|iPhoneSimulator.ActiveCfg = Release|x64
		{9A6D1C51-618D-4C37-BCEA-F2614A0D44CD}.Release|iPhoneSimulator.Build.0 = Release|x64
		{9A6D1C51-618D-4C37-BCEA-F2614A0D44CD}.Release|iPhoneSimulator.Deploy.0 = Release|x64
		{9A6D1C51-618D-4C37-BCEA-F2614A0D44CD}.Release|x64.ActiveCfg = Release|x64
		{9A6D1C51-618D-4C37-BCEA-F2614A0D44CD}.Release|x64.Build.0 = Release|x64
		{9A6D1C51-618D-4C37-BCEA-F2614A0D44CD}.Release|x64.Deploy.0 = Release|x64
		{9A6D1C51-618D-4C37-BCEA-F2614A0D44CD}.Release|x86.ActiveCfg = Release|x86
		{9A6D1C51-618D-4C37-BCEA-F2614A0D44CD}.Release|x86.Build.0 = Release|x86
		{9A6D1C51-618D-4C37-BCEA-F2614A0D44CD}.Release|x86.Deploy.0 = Release|x86
		{42216E75-1FDC-4199-95AE-1145FE4E3E4E}.Debug|Any CPU.ActiveCfg = Debug|Any CPU
		{42216E75-1FDC-4199-95AE-1145FE4E3E4E}.Debug|Any CPU.Build.0 = Debug|Any CPU
		{42216E75-1FDC-4199-95AE-1145FE4E3E4E}.Debug|ARM.ActiveCfg = Debug|Any CPU
		{42216E75-1FDC-4199-95AE-1145FE4E3E4E}.Debug|ARM.Build.0 = Debug|Any CPU
		{42216E75-1FDC-4199-95AE-1145FE4E3E4E}.Debug|ARM64.ActiveCfg = Debug|Any CPU
		{42216E75-1FDC-4199-95AE-1145FE4E3E4E}.Debug|ARM64.Build.0 = Debug|Any CPU
		{42216E75-1FDC-4199-95AE-1145FE4E3E4E}.Debug|iPhone.ActiveCfg = Debug|Any CPU
		{42216E75-1FDC-4199-95AE-1145FE4E3E4E}.Debug|iPhone.Build.0 = Debug|Any CPU
		{42216E75-1FDC-4199-95AE-1145FE4E3E4E}.Debug|iPhoneSimulator.ActiveCfg = Debug|Any CPU
		{42216E75-1FDC-4199-95AE-1145FE4E3E4E}.Debug|iPhoneSimulator.Build.0 = Debug|Any CPU
		{42216E75-1FDC-4199-95AE-1145FE4E3E4E}.Debug|x64.ActiveCfg = Debug|Any CPU
		{42216E75-1FDC-4199-95AE-1145FE4E3E4E}.Debug|x64.Build.0 = Debug|Any CPU
		{42216E75-1FDC-4199-95AE-1145FE4E3E4E}.Debug|x86.ActiveCfg = Debug|Any CPU
		{42216E75-1FDC-4199-95AE-1145FE4E3E4E}.Debug|x86.Build.0 = Debug|Any CPU
		{42216E75-1FDC-4199-95AE-1145FE4E3E4E}.Release|Any CPU.ActiveCfg = Release|Any CPU
		{42216E75-1FDC-4199-95AE-1145FE4E3E4E}.Release|Any CPU.Build.0 = Release|Any CPU
		{42216E75-1FDC-4199-95AE-1145FE4E3E4E}.Release|ARM.ActiveCfg = Release|Any CPU
		{42216E75-1FDC-4199-95AE-1145FE4E3E4E}.Release|ARM.Build.0 = Release|Any CPU
		{42216E75-1FDC-4199-95AE-1145FE4E3E4E}.Release|ARM64.ActiveCfg = Release|Any CPU
		{42216E75-1FDC-4199-95AE-1145FE4E3E4E}.Release|ARM64.Build.0 = Release|Any CPU
		{42216E75-1FDC-4199-95AE-1145FE4E3E4E}.Release|iPhone.ActiveCfg = Release|Any CPU
		{42216E75-1FDC-4199-95AE-1145FE4E3E4E}.Release|iPhone.Build.0 = Release|Any CPU
		{42216E75-1FDC-4199-95AE-1145FE4E3E4E}.Release|iPhoneSimulator.ActiveCfg = Release|Any CPU
		{42216E75-1FDC-4199-95AE-1145FE4E3E4E}.Release|iPhoneSimulator.Build.0 = Release|Any CPU
		{42216E75-1FDC-4199-95AE-1145FE4E3E4E}.Release|x64.ActiveCfg = Release|Any CPU
		{42216E75-1FDC-4199-95AE-1145FE4E3E4E}.Release|x64.Build.0 = Release|Any CPU
		{42216E75-1FDC-4199-95AE-1145FE4E3E4E}.Release|x86.ActiveCfg = Release|Any CPU
		{42216E75-1FDC-4199-95AE-1145FE4E3E4E}.Release|x86.Build.0 = Release|Any CPU
		{213A660D-D08A-4237-A43B-D00A52EAA666}.Debug|Any CPU.ActiveCfg = Debug|Any CPU
		{213A660D-D08A-4237-A43B-D00A52EAA666}.Debug|Any CPU.Build.0 = Debug|Any CPU
		{213A660D-D08A-4237-A43B-D00A52EAA666}.Debug|ARM.ActiveCfg = Debug|Any CPU
		{213A660D-D08A-4237-A43B-D00A52EAA666}.Debug|ARM.Build.0 = Debug|Any CPU
		{213A660D-D08A-4237-A43B-D00A52EAA666}.Debug|ARM64.ActiveCfg = Debug|Any CPU
		{213A660D-D08A-4237-A43B-D00A52EAA666}.Debug|ARM64.Build.0 = Debug|Any CPU
		{213A660D-D08A-4237-A43B-D00A52EAA666}.Debug|iPhone.ActiveCfg = Debug|Any CPU
		{213A660D-D08A-4237-A43B-D00A52EAA666}.Debug|iPhone.Build.0 = Debug|Any CPU
		{213A660D-D08A-4237-A43B-D00A52EAA666}.Debug|iPhoneSimulator.ActiveCfg = Debug|Any CPU
		{213A660D-D08A-4237-A43B-D00A52EAA666}.Debug|iPhoneSimulator.Build.0 = Debug|Any CPU
		{213A660D-D08A-4237-A43B-D00A52EAA666}.Debug|x64.ActiveCfg = Debug|Any CPU
		{213A660D-D08A-4237-A43B-D00A52EAA666}.Debug|x64.Build.0 = Debug|Any CPU
		{213A660D-D08A-4237-A43B-D00A52EAA666}.Debug|x86.ActiveCfg = Debug|Any CPU
		{213A660D-D08A-4237-A43B-D00A52EAA666}.Debug|x86.Build.0 = Debug|Any CPU
		{213A660D-D08A-4237-A43B-D00A52EAA666}.Release|Any CPU.ActiveCfg = Release|Any CPU
		{213A660D-D08A-4237-A43B-D00A52EAA666}.Release|Any CPU.Build.0 = Release|Any CPU
		{213A660D-D08A-4237-A43B-D00A52EAA666}.Release|ARM.ActiveCfg = Release|Any CPU
		{213A660D-D08A-4237-A43B-D00A52EAA666}.Release|ARM.Build.0 = Release|Any CPU
		{213A660D-D08A-4237-A43B-D00A52EAA666}.Release|ARM64.ActiveCfg = Release|Any CPU
		{213A660D-D08A-4237-A43B-D00A52EAA666}.Release|ARM64.Build.0 = Release|Any CPU
		{213A660D-D08A-4237-A43B-D00A52EAA666}.Release|iPhone.ActiveCfg = Release|Any CPU
		{213A660D-D08A-4237-A43B-D00A52EAA666}.Release|iPhone.Build.0 = Release|Any CPU
		{213A660D-D08A-4237-A43B-D00A52EAA666}.Release|iPhoneSimulator.ActiveCfg = Release|Any CPU
		{213A660D-D08A-4237-A43B-D00A52EAA666}.Release|iPhoneSimulator.Build.0 = Release|Any CPU
		{213A660D-D08A-4237-A43B-D00A52EAA666}.Release|x64.ActiveCfg = Release|Any CPU
		{213A660D-D08A-4237-A43B-D00A52EAA666}.Release|x64.Build.0 = Release|Any CPU
		{213A660D-D08A-4237-A43B-D00A52EAA666}.Release|x86.ActiveCfg = Release|Any CPU
		{213A660D-D08A-4237-A43B-D00A52EAA666}.Release|x86.Build.0 = Release|Any CPU
	EndGlobalSection
	GlobalSection(SolutionProperties) = preSolution
		HideSolutionNode = FALSE
	EndGlobalSection
	GlobalSection(ExtensibilityGlobals) = postSolution
		SolutionGuid = {286B5395-7D26-43C7-B09B-B3F57E10C22B}
	EndGlobalSection
EndGlobal
